// !$*UTF8*$!
{
	archiveVersion = 1;
	classes = {
	};
	objectVersion = 46;
	objects = {

/* Begin PBXBuildFile section */
		071ADB0A18B8694B00E2E4FF /* CustomCamera.m in Sources */ = {isa = PBXBuildFile; fileRef = 071ADB0918B8694B00E2E4FF /* CustomCamera.m */; };
		071ADB1218B887BB00E2E4FF /* DrunkDetector.m in Sources */ = {isa = PBXBuildFile; fileRef = 071ADB1118B887BB00E2E4FF /* DrunkDetector.m */; };
		07B6A75118B91DF100C28B47 /* bg1@2x.png in Resources */ = {isa = PBXBuildFile; fileRef = 07B6A74D18B91DF100C28B47 /* bg1@2x.png */; };
		07B6A75218B91DF100C28B47 /* bg2@2x.png in Resources */ = {isa = PBXBuildFile; fileRef = 07B6A74E18B91DF100C28B47 /* bg2@2x.png */; };
		07B6A75318B91DF100C28B47 /* bg3@2x.png in Resources */ = {isa = PBXBuildFile; fileRef = 07B6A74F18B91DF100C28B47 /* bg3@2x.png */; };
		07B6A75418B91DF100C28B47 /* bg4@2x.png in Resources */ = {isa = PBXBuildFile; fileRef = 07B6A75018B91DF100C28B47 /* bg4@2x.png */; };
		07B6A76218B928E400C28B47 /* libAviarySDK.a in Frameworks */ = {isa = PBXBuildFile; fileRef = 07B6A75F18B928E400C28B47 /* libAviarySDK.a */; };
		07B6A76318B928E400C28B47 /* AviarySDKResources.bundle in Resources */ = {isa = PBXBuildFile; fileRef = 07B6A76118B928E400C28B47 /* AviarySDKResources.bundle */; };
		07B6A76518B92C5900C28B47 /* Accelerate.framework in Frameworks */ = {isa = PBXBuildFile; fileRef = 07B6A76418B92C5900C28B47 /* Accelerate.framework */; };
		07B6A76718B92C6400C28B47 /* CoreData.framework in Frameworks */ = {isa = PBXBuildFile; fileRef = 07B6A76618B92C6400C28B47 /* CoreData.framework */; };
		07B6A76918B92C6F00C28B47 /* CoreText.framework in Frameworks */ = {isa = PBXBuildFile; fileRef = 07B6A76818B92C6F00C28B47 /* CoreText.framework */; };
		07B6A76B18B92C7A00C28B47 /* libsqlite3.0.dylib in Frameworks */ = {isa = PBXBuildFile; fileRef = 07B6A76A18B92C7A00C28B47 /* libsqlite3.0.dylib */; };
		07B6A76D18B92C8600C28B47 /* libz.1.2.5.dylib in Frameworks */ = {isa = PBXBuildFile; fileRef = 07B6A76C18B92C8500C28B47 /* libz.1.2.5.dylib */; };
		07B6A76F18B92C9200C28B47 /* MessageUI.framework in Frameworks */ = {isa = PBXBuildFile; fileRef = 07B6A76E18B92C9200C28B47 /* MessageUI.framework */; };
		07B6A77118B92C9D00C28B47 /* OpenGLES.framework in Frameworks */ = {isa = PBXBuildFile; fileRef = 07B6A77018B92C9D00C28B47 /* OpenGLES.framework */; };
		07B6A77318B92CA900C28B47 /* QuartzCore.framework in Frameworks */ = {isa = PBXBuildFile; fileRef = 07B6A77218B92CA900C28B47 /* QuartzCore.framework */; };
		07B6A77518B92CB300C28B47 /* StoreKit.framework in Frameworks */ = {isa = PBXBuildFile; fileRef = 07B6A77418B92CB300C28B47 /* StoreKit.framework */; };
		07B6A77718B92CBC00C28B47 /* SystemConfiguration.framework in Frameworks */ = {isa = PBXBuildFile; fileRef = 07B6A77618B92CBC00C28B47 /* SystemConfiguration.framework */; };
		07B6A7CF18B98B9300C28B47 /* LINEActivity.m in Sources */ = {isa = PBXBuildFile; fileRef = 07B6A7AA18B98B9300C28B47 /* LINEActivity.m */; };
		07B6A7D018B98B9300C28B47 /* LINEActivityIcon.png in Resources */ = {isa = PBXBuildFile; fileRef = 07B6A7AB18B98B9300C28B47 /* LINEActivityIcon.png */; };
		07B6A7D118B98B9300C28B47 /* LINEActivityIcon@2x.png in Resources */ = {isa = PBXBuildFile; fileRef = 07B6A7AC18B98B9300C28B47 /* LINEActivityIcon@2x.png */; };
		07B6A7D218B98B9300C28B47 /* LINEActivityIcon@2x~ipad.png in Resources */ = {isa = PBXBuildFile; fileRef = 07B6A7AD18B98B9300C28B47 /* LINEActivityIcon@2x~ipad.png */; };
		07B6A7D318B98B9300C28B47 /* LINEActivityIcon~ipad.png in Resources */ = {isa = PBXBuildFile; fileRef = 07B6A7AE18B98B9300C28B47 /* LINEActivityIcon~ipad.png */; };
		07B6A7FE18B98C3000C28B47 /* instapaper-ipad.png in Resources */ = {isa = PBXBuildFile; fileRef = 07B6A7D618B98C3000C28B47 /* instapaper-ipad.png */; };
		07B6A7FF18B98C3000C28B47 /* instapaper-ipad@2x.png in Resources */ = {isa = PBXBuildFile; fileRef = 07B6A7D718B98C3000C28B47 /* instapaper-ipad@2x.png */; };
		07B6A80018B98C3000C28B47 /* instapaper.png in Resources */ = {isa = PBXBuildFile; fileRef = 07B6A7D818B98C3000C28B47 /* instapaper.png */; };
		07B6A80118B98C3000C28B47 /* instapaper@2x.png in Resources */ = {isa = PBXBuildFile; fileRef = 07B6A7D918B98C3000C28B47 /* instapaper@2x.png */; };
		07B6A80218B98C3000C28B47 /* ZYInstapaperAddRequest.m in Sources */ = {isa = PBXBuildFile; fileRef = 07B6A7DC18B98C3000C28B47 /* ZYInstapaperAddRequest.m */; };
		07B6A80318B98C3000C28B47 /* ZYInstapaperActivitySecurity.m in Sources */ = {isa = PBXBuildFile; fileRef = 07B6A7E018B98C3000C28B47 /* ZYInstapaperActivitySecurity.m */; };
		07B6A80418B98C3000C28B47 /* KeychainItemWrapper.m in Sources */ = {isa = PBXBuildFile; fileRef = 07B6A7E518B98C3000C28B47 /* KeychainItemWrapper.m */; };
		07B6A80518B98C3000C28B47 /* ZYActivity.m in Sources */ = {isa = PBXBuildFile; fileRef = 07B6A7E918B98C3000C28B47 /* ZYActivity.m */; };
		07B6A80618B98C3000C28B47 /* ZYTopAlignedLabel.m in Sources */ = {isa = PBXBuildFile; fileRef = 07B6A7EC18B98C3000C28B47 /* ZYTopAlignedLabel.m */; };
		07B6A80718B98C3000C28B47 /* ZYActivityViewController.m in Sources */ = {isa = PBXBuildFile; fileRef = 07B6A7EF18B98C3000C28B47 /* ZYActivityViewController.m */; };
		07B6A80818B98C3000C28B47 /* ZYAddItemsViewController.m in Sources */ = {isa = PBXBuildFile; fileRef = 07B6A7F118B98C3000C28B47 /* ZYAddItemsViewController.m */; };
		07B6A80918B98C3000C28B47 /* ZYAddItemsViewController.xib in Resources */ = {isa = PBXBuildFile; fileRef = 07B6A7F218B98C3000C28B47 /* ZYAddItemsViewController.xib */; };
		07B6A80A18B98C3000C28B47 /* ZYAddItemViewController-iPad.xib in Resources */ = {isa = PBXBuildFile; fileRef = 07B6A7F318B98C3000C28B47 /* ZYAddItemViewController-iPad.xib */; };
		07B6A80B18B98C3000C28B47 /* ZYAddItemViewController.m in Sources */ = {isa = PBXBuildFile; fileRef = 07B6A7F518B98C3000C28B47 /* ZYAddItemViewController.m */; };
		07B6A80C18B98C3000C28B47 /* ZYAddItemViewController.xib in Resources */ = {isa = PBXBuildFile; fileRef = 07B6A7F618B98C3000C28B47 /* ZYAddItemViewController.xib */; };
		07B6A80D18B98C3000C28B47 /* ZYCredentialsViewController.m in Sources */ = {isa = PBXBuildFile; fileRef = 07B6A7F818B98C3000C28B47 /* ZYCredentialsViewController.m */; };
		07B6A80E18B98C3000C28B47 /* ZYCredentialsViewController.xib in Resources */ = {isa = PBXBuildFile; fileRef = 07B6A7F918B98C3000C28B47 /* ZYCredentialsViewController.xib */; };
		07B6A80F18B98C3000C28B47 /* ZYInstapaperActivity.m in Sources */ = {isa = PBXBuildFile; fileRef = 07B6A7FB18B98C3000C28B47 /* ZYInstapaperActivity.m */; };
		07B6A81018B98C3000C28B47 /* ZYInstapaperActivityItem.m in Sources */ = {isa = PBXBuildFile; fileRef = 07B6A7FD18B98C3000C28B47 /* ZYInstapaperActivityItem.m */; };
		07B6A83218B98DAC00C28B47 /* DMActivityInstagram-Info.plist in Resources */ = {isa = PBXBuildFile; fileRef = 07B6A81518B98DAC00C28B47 /* DMActivityInstagram-Info.plist */; };
		07B6A83318B98DAC00C28B47 /* DMActivityInstagram.m in Sources */ = {isa = PBXBuildFile; fileRef = 07B6A81818B98DAC00C28B47 /* DMActivityInstagram.m */; };
		07B6A83618B98DAC00C28B47 /* DMColorPickerView.m in Sources */ = {isa = PBXBuildFile; fileRef = 07B6A81E18B98DAC00C28B47 /* DMColorPickerView.m */; };
		07B6A83718B98DAC00C28B47 /* DMResizerViewController.m in Sources */ = {isa = PBXBuildFile; fileRef = 07B6A82018B98DAC00C28B47 /* DMResizerViewController.m */; };
		07B6A83C18B98DAC00C28B47 /* example.png in Resources */ = {isa = PBXBuildFile; fileRef = 07B6A82818B98DAC00C28B47 /* example.png */; };
		07B6A83D18B98DAC00C28B47 /* example_square.png in Resources */ = {isa = PBXBuildFile; fileRef = 07B6A82918B98DAC00C28B47 /* example_square.png */; };
		07B6A83E18B98DAC00C28B47 /* instagram.png in Resources */ = {isa = PBXBuildFile; fileRef = 07B6A82A18B98DAC00C28B47 /* instagram.png */; };
		07B6A83F18B98DAC00C28B47 /* instagram@2x.png in Resources */ = {isa = PBXBuildFile; fileRef = 07B6A82B18B98DAC00C28B47 /* instagram@2x.png */; };
		07B6A84018B98DAC00C28B47 /* instagram~ipad.png in Resources */ = {isa = PBXBuildFile; fileRef = 07B6A82C18B98DAC00C28B47 /* instagram~ipad.png */; };
		07B6A84118B98DAC00C28B47 /* instagram~ipad@2x.png in Resources */ = {isa = PBXBuildFile; fileRef = 07B6A82D18B98DAC00C28B47 /* instagram~ipad@2x.png */; };
		07F6636618B82B2B00D22919 /* Foundation.framework in Frameworks */ = {isa = PBXBuildFile; fileRef = 07F6636518B82B2B00D22919 /* Foundation.framework */; };
		07F6636818B82B2B00D22919 /* CoreGraphics.framework in Frameworks */ = {isa = PBXBuildFile; fileRef = 07F6636718B82B2B00D22919 /* CoreGraphics.framework */; };
		07F6636A18B82B2B00D22919 /* UIKit.framework in Frameworks */ = {isa = PBXBuildFile; fileRef = 07F6636918B82B2B00D22919 /* UIKit.framework */; };
		07F6637018B82B2B00D22919 /* InfoPlist.strings in Resources */ = {isa = PBXBuildFile; fileRef = 07F6636E18B82B2B00D22919 /* InfoPlist.strings */; };
		07F6637218B82B2B00D22919 /* main.m in Sources */ = {isa = PBXBuildFile; fileRef = 07F6637118B82B2B00D22919 /* main.m */; };
		07F6637618B82B2B00D22919 /* AppDelegate.m in Sources */ = {isa = PBXBuildFile; fileRef = 07F6637518B82B2B00D22919 /* AppDelegate.m */; };
		07F6637918B82B2B00D22919 /* Main_iPhone.storyboard in Resources */ = {isa = PBXBuildFile; fileRef = 07F6637718B82B2B00D22919 /* Main_iPhone.storyboard */; };
		07F6637C18B82B2B00D22919 /* Main_iPad.storyboard in Resources */ = {isa = PBXBuildFile; fileRef = 07F6637A18B82B2B00D22919 /* Main_iPad.storyboard */; };
		07F6637F18B82B2B00D22919 /* ViewController.m in Sources */ = {isa = PBXBuildFile; fileRef = 07F6637E18B82B2B00D22919 /* ViewController.m */; };
		07F6638118B82B2B00D22919 /* Images.xcassets in Resources */ = {isa = PBXBuildFile; fileRef = 07F6638018B82B2B00D22919 /* Images.xcassets */; };
		07F6638818B82B2B00D22919 /* XCTest.framework in Frameworks */ = {isa = PBXBuildFile; fileRef = 07F6638718B82B2B00D22919 /* XCTest.framework */; };
		07F6638918B82B2C00D22919 /* Foundation.framework in Frameworks */ = {isa = PBXBuildFile; fileRef = 07F6636518B82B2B00D22919 /* Foundation.framework */; };
		07F6638A18B82B2C00D22919 /* UIKit.framework in Frameworks */ = {isa = PBXBuildFile; fileRef = 07F6636918B82B2B00D22919 /* UIKit.framework */; };
		07F6639218B82B2C00D22919 /* InfoPlist.strings in Resources */ = {isa = PBXBuildFile; fileRef = 07F6639018B82B2C00D22919 /* InfoPlist.strings */; };
		07F6639418B82B2C00D22919 /* drinkyTests.m in Sources */ = {isa = PBXBuildFile; fileRef = 07F6639318B82B2C00D22919 /* drinkyTests.m */; };
		61CDFB88835F4C38AB0A43EB /* libPods.a in Frameworks */ = {isa = PBXBuildFile; fileRef = A2E986EA0EF147AEB7FF2C44 /* libPods.a */; };
/* End PBXBuildFile section */

/* Begin PBXContainerItemProxy section */
		07F6638B18B82B2C00D22919 /* PBXContainerItemProxy */ = {
			isa = PBXContainerItemProxy;
			containerPortal = 07F6635A18B82B2B00D22919 /* Project object */;
			proxyType = 1;
			remoteGlobalIDString = 07F6636118B82B2B00D22919;
			remoteInfo = drinky;
		};
/* End PBXContainerItemProxy section */

/* Begin PBXFileReference section */
		071ADB0818B8694B00E2E4FF /* CustomCamera.h */ = {isa = PBXFileReference; fileEncoding = 4; lastKnownFileType = sourcecode.c.h; path = CustomCamera.h; sourceTree = "<group>"; };
		071ADB0918B8694B00E2E4FF /* CustomCamera.m */ = {isa = PBXFileReference; fileEncoding = 4; lastKnownFileType = sourcecode.c.objc; path = CustomCamera.m; sourceTree = "<group>"; };
		071ADB1018B887BB00E2E4FF /* DrunkDetector.h */ = {isa = PBXFileReference; fileEncoding = 4; lastKnownFileType = sourcecode.c.h; path = DrunkDetector.h; sourceTree = "<group>"; };
		071ADB1118B887BB00E2E4FF /* DrunkDetector.m */ = {isa = PBXFileReference; fileEncoding = 4; lastKnownFileType = sourcecode.c.objc; path = DrunkDetector.m; sourceTree = "<group>"; };
		07B6A74D18B91DF100C28B47 /* bg1@2x.png */ = {isa = PBXFileReference; lastKnownFileType = image.png; path = "bg1@2x.png"; sourceTree = "<group>"; };
		07B6A74E18B91DF100C28B47 /* bg2@2x.png */ = {isa = PBXFileReference; lastKnownFileType = image.png; path = "bg2@2x.png"; sourceTree = "<group>"; };
		07B6A74F18B91DF100C28B47 /* bg3@2x.png */ = {isa = PBXFileReference; lastKnownFileType = image.png; path = "bg3@2x.png"; sourceTree = "<group>"; };
		07B6A75018B91DF100C28B47 /* bg4@2x.png */ = {isa = PBXFileReference; lastKnownFileType = image.png; path = "bg4@2x.png"; sourceTree = "<group>"; };
		07B6A75718B928E400C28B47 /* AFOpenGLManager.h */ = {isa = PBXFileReference; fileEncoding = 4; lastKnownFileType = sourcecode.c.h; path = AFOpenGLManager.h; sourceTree = "<group>"; };
		07B6A75818B928E400C28B47 /* AFPhotoEditorContext.h */ = {isa = PBXFileReference; fileEncoding = 4; lastKnownFileType = sourcecode.c.h; path = AFPhotoEditorContext.h; sourceTree = "<group>"; };
		07B6A75918B928E400C28B47 /* AFPhotoEditorController+InAppPurchase.h */ = {isa = PBXFileReference; fileEncoding = 4; lastKnownFileType = sourcecode.c.h; path = "AFPhotoEditorController+InAppPurchase.h"; sourceTree = "<group>"; };
		07B6A75A18B928E400C28B47 /* AFPhotoEditorController.h */ = {isa = PBXFileReference; fileEncoding = 4; lastKnownFileType = sourcecode.c.h; path = AFPhotoEditorController.h; sourceTree = "<group>"; };
		07B6A75B18B928E400C28B47 /* AFPhotoEditorControllerOptions.h */ = {isa = PBXFileReference; fileEncoding = 4; lastKnownFileType = sourcecode.c.h; path = AFPhotoEditorControllerOptions.h; sourceTree = "<group>"; };
		07B6A75C18B928E400C28B47 /* AFPhotoEditorCustomization.h */ = {isa = PBXFileReference; fileEncoding = 4; lastKnownFileType = sourcecode.c.h; path = AFPhotoEditorCustomization.h; sourceTree = "<group>"; };
		07B6A75D18B928E400C28B47 /* AFPhotoEditorProduct.h */ = {isa = PBXFileReference; fileEncoding = 4; lastKnownFileType = sourcecode.c.h; path = AFPhotoEditorProduct.h; sourceTree = "<group>"; };
		07B6A75E18B928E400C28B47 /* AFPhotoEditorSession.h */ = {isa = PBXFileReference; fileEncoding = 4; lastKnownFileType = sourcecode.c.h; path = AFPhotoEditorSession.h; sourceTree = "<group>"; };
		07B6A75F18B928E400C28B47 /* libAviarySDK.a */ = {isa = PBXFileReference; lastKnownFileType = archive.ar; path = libAviarySDK.a; sourceTree = "<group>"; };
		07B6A76118B928E400C28B47 /* AviarySDKResources.bundle */ = {isa = PBXFileReference; lastKnownFileType = "wrapper.plug-in"; path = AviarySDKResources.bundle; sourceTree = "<group>"; };
		07B6A76418B92C5900C28B47 /* Accelerate.framework */ = {isa = PBXFileReference; lastKnownFileType = wrapper.framework; name = Accelerate.framework; path = System/Library/Frameworks/Accelerate.framework; sourceTree = SDKROOT; };
		07B6A76618B92C6400C28B47 /* CoreData.framework */ = {isa = PBXFileReference; lastKnownFileType = wrapper.framework; name = CoreData.framework; path = System/Library/Frameworks/CoreData.framework; sourceTree = SDKROOT; };
		07B6A76818B92C6F00C28B47 /* CoreText.framework */ = {isa = PBXFileReference; lastKnownFileType = wrapper.framework; name = CoreText.framework; path = System/Library/Frameworks/CoreText.framework; sourceTree = SDKROOT; };
		07B6A76A18B92C7A00C28B47 /* libsqlite3.0.dylib */ = {isa = PBXFileReference; lastKnownFileType = "compiled.mach-o.dylib"; name = libsqlite3.0.dylib; path = usr/lib/libsqlite3.0.dylib; sourceTree = SDKROOT; };
		07B6A76C18B92C8500C28B47 /* libz.1.2.5.dylib */ = {isa = PBXFileReference; lastKnownFileType = "compiled.mach-o.dylib"; name = libz.1.2.5.dylib; path = usr/lib/libz.1.2.5.dylib; sourceTree = SDKROOT; };
		07B6A76E18B92C9200C28B47 /* MessageUI.framework */ = {isa = PBXFileReference; lastKnownFileType = wrapper.framework; name = MessageUI.framework; path = System/Library/Frameworks/MessageUI.framework; sourceTree = SDKROOT; };
		07B6A77018B92C9D00C28B47 /* OpenGLES.framework */ = {isa = PBXFileReference; lastKnownFileType = wrapper.framework; name = OpenGLES.framework; path = System/Library/Frameworks/OpenGLES.framework; sourceTree = SDKROOT; };
		07B6A77218B92CA900C28B47 /* QuartzCore.framework */ = {isa = PBXFileReference; lastKnownFileType = wrapper.framework; name = QuartzCore.framework; path = System/Library/Frameworks/QuartzCore.framework; sourceTree = SDKROOT; };
		07B6A77418B92CB300C28B47 /* StoreKit.framework */ = {isa = PBXFileReference; lastKnownFileType = wrapper.framework; name = StoreKit.framework; path = System/Library/Frameworks/StoreKit.framework; sourceTree = SDKROOT; };
		07B6A77618B92CBC00C28B47 /* SystemConfiguration.framework */ = {isa = PBXFileReference; lastKnownFileType = wrapper.framework; name = SystemConfiguration.framework; path = System/Library/Frameworks/SystemConfiguration.framework; sourceTree = SDKROOT; };
		07B6A7A918B98B9300C28B47 /* LINEActivity.h */ = {isa = PBXFileReference; fileEncoding = 4; lastKnownFileType = sourcecode.c.h; path = LINEActivity.h; sourceTree = "<group>"; };
		07B6A7AA18B98B9300C28B47 /* LINEActivity.m */ = {isa = PBXFileReference; fileEncoding = 4; lastKnownFileType = sourcecode.c.objc; path = LINEActivity.m; sourceTree = "<group>"; };
		07B6A7AB18B98B9300C28B47 /* LINEActivityIcon.png */ = {isa = PBXFileReference; lastKnownFileType = image.png; path = LINEActivityIcon.png; sourceTree = "<group>"; };
		07B6A7AC18B98B9300C28B47 /* LINEActivityIcon@2x.png */ = {isa = PBXFileReference; lastKnownFileType = image.png; path = "LINEActivityIcon@2x.png"; sourceTree = "<group>"; };
		07B6A7AD18B98B9300C28B47 /* LINEActivityIcon@2x~ipad.png */ = {isa = PBXFileReference; lastKnownFileType = image.png; path = "LINEActivityIcon@2x~ipad.png"; sourceTree = "<group>"; };
		07B6A7AE18B98B9300C28B47 /* LINEActivityIcon~ipad.png */ = {isa = PBXFileReference; lastKnownFileType = image.png; path = "LINEActivityIcon~ipad.png"; sourceTree = "<group>"; };
		07B6A7D618B98C3000C28B47 /* instapaper-ipad.png */ = {isa = PBXFileReference; lastKnownFileType = image.png; path = "instapaper-ipad.png"; sourceTree = "<group>"; };
		07B6A7D718B98C3000C28B47 /* instapaper-ipad@2x.png */ = {isa = PBXFileReference; lastKnownFileType = image.png; path = "instapaper-ipad@2x.png"; sourceTree = "<group>"; };
		07B6A7D818B98C3000C28B47 /* instapaper.png */ = {isa = PBXFileReference; lastKnownFileType = image.png; path = instapaper.png; sourceTree = "<group>"; };
		07B6A7D918B98C3000C28B47 /* instapaper@2x.png */ = {isa = PBXFileReference; lastKnownFileType = image.png; path = "instapaper@2x.png"; sourceTree = "<group>"; };
		07B6A7DB18B98C3000C28B47 /* ZYInstapaperAddRequest.h */ = {isa = PBXFileReference; fileEncoding = 4; lastKnownFileType = sourcecode.c.h; path = ZYInstapaperAddRequest.h; sourceTree = "<group>"; };
		07B6A7DC18B98C3000C28B47 /* ZYInstapaperAddRequest.m */ = {isa = PBXFileReference; fileEncoding = 4; lastKnownFileType = sourcecode.c.objc; path = ZYInstapaperAddRequest.m; sourceTree = "<group>"; };
		07B6A7DD18B98C3000C28B47 /* ZYInstapaperAddRequestDelegate.h */ = {isa = PBXFileReference; fileEncoding = 4; lastKnownFileType = sourcecode.c.h; path = ZYInstapaperAddRequestDelegate.h; sourceTree = "<group>"; };
		07B6A7DF18B98C3000C28B47 /* ZYInstapaperActivitySecurity.h */ = {isa = PBXFileReference; fileEncoding = 4; lastKnownFileType = sourcecode.c.h; path = ZYInstapaperActivitySecurity.h; sourceTree = "<group>"; };
		07B6A7E018B98C3000C28B47 /* ZYInstapaperActivitySecurity.m */ = {isa = PBXFileReference; fileEncoding = 4; lastKnownFileType = sourcecode.c.objc; path = ZYInstapaperActivitySecurity.m; sourceTree = "<group>"; };
		07B6A7E418B98C3000C28B47 /* KeychainItemWrapper.h */ = {isa = PBXFileReference; fileEncoding = 4; lastKnownFileType = sourcecode.c.h; path = KeychainItemWrapper.h; sourceTree = "<group>"; };
		07B6A7E518B98C3000C28B47 /* KeychainItemWrapper.m */ = {isa = PBXFileReference; fileEncoding = 4; lastKnownFileType = sourcecode.c.objc; path = KeychainItemWrapper.m; sourceTree = "<group>"; };
		07B6A7E818B98C3000C28B47 /* ZYActivity.h */ = {isa = PBXFileReference; fileEncoding = 4; lastKnownFileType = sourcecode.c.h; path = ZYActivity.h; sourceTree = "<group>"; };
		07B6A7E918B98C3000C28B47 /* ZYActivity.m */ = {isa = PBXFileReference; fileEncoding = 4; lastKnownFileType = sourcecode.c.objc; path = ZYActivity.m; sourceTree = "<group>"; };
		07B6A7EB18B98C3000C28B47 /* ZYTopAlignedLabel.h */ = {isa = PBXFileReference; fileEncoding = 4; lastKnownFileType = sourcecode.c.h; path = ZYTopAlignedLabel.h; sourceTree = "<group>"; };
		07B6A7EC18B98C3000C28B47 /* ZYTopAlignedLabel.m */ = {isa = PBXFileReference; fileEncoding = 4; lastKnownFileType = sourcecode.c.objc; path = ZYTopAlignedLabel.m; sourceTree = "<group>"; };
		07B6A7EE18B98C3000C28B47 /* ZYActivityViewController.h */ = {isa = PBXFileReference; fileEncoding = 4; lastKnownFileType = sourcecode.c.h; path = ZYActivityViewController.h; sourceTree = "<group>"; };
		07B6A7EF18B98C3000C28B47 /* ZYActivityViewController.m */ = {isa = PBXFileReference; fileEncoding = 4; lastKnownFileType = sourcecode.c.objc; path = ZYActivityViewController.m; sourceTree = "<group>"; };
		07B6A7F018B98C3000C28B47 /* ZYAddItemsViewController.h */ = {isa = PBXFileReference; fileEncoding = 4; lastKnownFileType = sourcecode.c.h; path = ZYAddItemsViewController.h; sourceTree = "<group>"; };
		07B6A7F118B98C3000C28B47 /* ZYAddItemsViewController.m */ = {isa = PBXFileReference; fileEncoding = 4; lastKnownFileType = sourcecode.c.objc; path = ZYAddItemsViewController.m; sourceTree = "<group>"; };
		07B6A7F218B98C3000C28B47 /* ZYAddItemsViewController.xib */ = {isa = PBXFileReference; fileEncoding = 4; lastKnownFileType = file.xib; path = ZYAddItemsViewController.xib; sourceTree = "<group>"; };
		07B6A7F318B98C3000C28B47 /* ZYAddItemViewController-iPad.xib */ = {isa = PBXFileReference; fileEncoding = 4; lastKnownFileType = file.xib; path = "ZYAddItemViewController-iPad.xib"; sourceTree = "<group>"; };
		07B6A7F418B98C3000C28B47 /* ZYAddItemViewController.h */ = {isa = PBXFileReference; fileEncoding = 4; lastKnownFileType = sourcecode.c.h; path = ZYAddItemViewController.h; sourceTree = "<group>"; };
		07B6A7F518B98C3000C28B47 /* ZYAddItemViewController.m */ = {isa = PBXFileReference; fileEncoding = 4; lastKnownFileType = sourcecode.c.objc; path = ZYAddItemViewController.m; sourceTree = "<group>"; };
		07B6A7F618B98C3000C28B47 /* ZYAddItemViewController.xib */ = {isa = PBXFileReference; fileEncoding = 4; lastKnownFileType = file.xib; path = ZYAddItemViewController.xib; sourceTree = "<group>"; };
		07B6A7F718B98C3000C28B47 /* ZYCredentialsViewController.h */ = {isa = PBXFileReference; fileEncoding = 4; lastKnownFileType = sourcecode.c.h; path = ZYCredentialsViewController.h; sourceTree = "<group>"; };
		07B6A7F818B98C3000C28B47 /* ZYCredentialsViewController.m */ = {isa = PBXFileReference; fileEncoding = 4; lastKnownFileType = sourcecode.c.objc; path = ZYCredentialsViewController.m; sourceTree = "<group>"; };
		07B6A7F918B98C3000C28B47 /* ZYCredentialsViewController.xib */ = {isa = PBXFileReference; fileEncoding = 4; lastKnownFileType = file.xib; path = ZYCredentialsViewController.xib; sourceTree = "<group>"; };
		07B6A7FA18B98C3000C28B47 /* ZYInstapaperActivity.h */ = {isa = PBXFileReference; fileEncoding = 4; lastKnownFileType = sourcecode.c.h; path = ZYInstapaperActivity.h; sourceTree = "<group>"; };
		07B6A7FB18B98C3000C28B47 /* ZYInstapaperActivity.m */ = {isa = PBXFileReference; fileEncoding = 4; lastKnownFileType = sourcecode.c.objc; path = ZYInstapaperActivity.m; sourceTree = "<group>"; };
		07B6A7FC18B98C3000C28B47 /* ZYInstapaperActivityItem.h */ = {isa = PBXFileReference; fileEncoding = 4; lastKnownFileType = sourcecode.c.h; path = ZYInstapaperActivityItem.h; sourceTree = "<group>"; };
		07B6A7FD18B98C3000C28B47 /* ZYInstapaperActivityItem.m */ = {isa = PBXFileReference; fileEncoding = 4; lastKnownFileType = sourcecode.c.objc; path = ZYInstapaperActivityItem.m; sourceTree = "<group>"; };
		07B6A81518B98DAC00C28B47 /* DMActivityInstagram-Info.plist */ = {isa = PBXFileReference; fileEncoding = 4; lastKnownFileType = text.plist.xml; path = "DMActivityInstagram-Info.plist"; sourceTree = "<group>"; };
		07B6A81618B98DAC00C28B47 /* DMActivityInstagram-Prefix.pch */ = {isa = PBXFileReference; fileEncoding = 4; lastKnownFileType = sourcecode.c.h; path = "DMActivityInstagram-Prefix.pch"; sourceTree = "<group>"; };
		07B6A81718B98DAC00C28B47 /* DMActivityInstagram.h */ = {isa = PBXFileReference; fileEncoding = 4; lastKnownFileType = sourcecode.c.h; path = DMActivityInstagram.h; sourceTree = "<group>"; };
		07B6A81818B98DAC00C28B47 /* DMActivityInstagram.m */ = {isa = PBXFileReference; fileEncoding = 4; lastKnownFileType = sourcecode.c.objc; path = DMActivityInstagram.m; sourceTree = "<group>"; };
		07B6A81D18B98DAC00C28B47 /* DMColorPickerView.h */ = {isa = PBXFileReference; fileEncoding = 4; lastKnownFileType = sourcecode.c.h; path = DMColorPickerView.h; sourceTree = "<group>"; };
		07B6A81E18B98DAC00C28B47 /* DMColorPickerView.m */ = {isa = PBXFileReference; fileEncoding = 4; lastKnownFileType = sourcecode.c.objc; path = DMColorPickerView.m; sourceTree = "<group>"; };
		07B6A81F18B98DAC00C28B47 /* DMResizerViewController.h */ = {isa = PBXFileReference; fileEncoding = 4; lastKnownFileType = sourcecode.c.h; path = DMResizerViewController.h; sourceTree = "<group>"; };
		07B6A82018B98DAC00C28B47 /* DMResizerViewController.m */ = {isa = PBXFileReference; fileEncoding = 4; lastKnownFileType = sourcecode.c.objc; path = DMResizerViewController.m; sourceTree = "<group>"; };
		07B6A82818B98DAC00C28B47 /* example.png */ = {isa = PBXFileReference; lastKnownFileType = image.png; path = example.png; sourceTree = "<group>"; };
		07B6A82918B98DAC00C28B47 /* example_square.png */ = {isa = PBXFileReference; lastKnownFileType = image.png; path = example_square.png; sourceTree = "<group>"; };
		07B6A82A18B98DAC00C28B47 /* instagram.png */ = {isa = PBXFileReference; lastKnownFileType = image.png; path = instagram.png; sourceTree = "<group>"; };
		07B6A82B18B98DAC00C28B47 /* instagram@2x.png */ = {isa = PBXFileReference; lastKnownFileType = image.png; path = "instagram@2x.png"; sourceTree = "<group>"; };
		07B6A82C18B98DAC00C28B47 /* instagram~ipad.png */ = {isa = PBXFileReference; lastKnownFileType = image.png; path = "instagram~ipad.png"; sourceTree = "<group>"; };
		07B6A82D18B98DAC00C28B47 /* instagram~ipad@2x.png */ = {isa = PBXFileReference; lastKnownFileType = image.png; path = "instagram~ipad@2x.png"; sourceTree = "<group>"; };
		07F6636218B82B2B00D22919 /* drinky.app */ = {isa = PBXFileReference; explicitFileType = wrapper.application; includeInIndex = 0; path = drinky.app; sourceTree = BUILT_PRODUCTS_DIR; };
		07F6636518B82B2B00D22919 /* Foundation.framework */ = {isa = PBXFileReference; lastKnownFileType = wrapper.framework; name = Foundation.framework; path = System/Library/Frameworks/Foundation.framework; sourceTree = SDKROOT; };
		07F6636718B82B2B00D22919 /* CoreGraphics.framework */ = {isa = PBXFileReference; lastKnownFileType = wrapper.framework; name = CoreGraphics.framework; path = System/Library/Frameworks/CoreGraphics.framework; sourceTree = SDKROOT; };
		07F6636918B82B2B00D22919 /* UIKit.framework */ = {isa = PBXFileReference; lastKnownFileType = wrapper.framework; name = UIKit.framework; path = System/Library/Frameworks/UIKit.framework; sourceTree = SDKROOT; };
		07F6636D18B82B2B00D22919 /* drinky-Info.plist */ = {isa = PBXFileReference; lastKnownFileType = text.plist.xml; path = "drinky-Info.plist"; sourceTree = "<group>"; };
		07F6636F18B82B2B00D22919 /* en */ = {isa = PBXFileReference; lastKnownFileType = text.plist.strings; name = en; path = en.lproj/InfoPlist.strings; sourceTree = "<group>"; };
		07F6637118B82B2B00D22919 /* main.m */ = {isa = PBXFileReference; lastKnownFileType = sourcecode.c.objc; path = main.m; sourceTree = "<group>"; };
		07F6637318B82B2B00D22919 /* drinky-Prefix.pch */ = {isa = PBXFileReference; lastKnownFileType = sourcecode.c.h; path = "drinky-Prefix.pch"; sourceTree = "<group>"; };
		07F6637418B82B2B00D22919 /* AppDelegate.h */ = {isa = PBXFileReference; lastKnownFileType = sourcecode.c.h; path = AppDelegate.h; sourceTree = "<group>"; };
		07F6637518B82B2B00D22919 /* AppDelegate.m */ = {isa = PBXFileReference; lastKnownFileType = sourcecode.c.objc; path = AppDelegate.m; sourceTree = "<group>"; };
		07F6637818B82B2B00D22919 /* Base */ = {isa = PBXFileReference; lastKnownFileType = file.storyboard; name = Base; path = Base.lproj/Main_iPhone.storyboard; sourceTree = "<group>"; };
		07F6637B18B82B2B00D22919 /* Base */ = {isa = PBXFileReference; lastKnownFileType = file.storyboard; name = Base; path = Base.lproj/Main_iPad.storyboard; sourceTree = "<group>"; };
		07F6637D18B82B2B00D22919 /* ViewController.h */ = {isa = PBXFileReference; lastKnownFileType = sourcecode.c.h; path = ViewController.h; sourceTree = "<group>"; };
		07F6637E18B82B2B00D22919 /* ViewController.m */ = {isa = PBXFileReference; lastKnownFileType = sourcecode.c.objc; path = ViewController.m; sourceTree = "<group>"; };
		07F6638018B82B2B00D22919 /* Images.xcassets */ = {isa = PBXFileReference; lastKnownFileType = folder.assetcatalog; path = Images.xcassets; sourceTree = "<group>"; };
		07F6638618B82B2B00D22919 /* drinkyTests.xctest */ = {isa = PBXFileReference; explicitFileType = wrapper.cfbundle; includeInIndex = 0; path = drinkyTests.xctest; sourceTree = BUILT_PRODUCTS_DIR; };
		07F6638718B82B2B00D22919 /* XCTest.framework */ = {isa = PBXFileReference; lastKnownFileType = wrapper.framework; name = XCTest.framework; path = Library/Frameworks/XCTest.framework; sourceTree = DEVELOPER_DIR; };
		07F6638F18B82B2C00D22919 /* drinkyTests-Info.plist */ = {isa = PBXFileReference; lastKnownFileType = text.plist.xml; path = "drinkyTests-Info.plist"; sourceTree = "<group>"; };
		07F6639118B82B2C00D22919 /* en */ = {isa = PBXFileReference; lastKnownFileType = text.plist.strings; name = en; path = en.lproj/InfoPlist.strings; sourceTree = "<group>"; };
		07F6639318B82B2C00D22919 /* drinkyTests.m */ = {isa = PBXFileReference; lastKnownFileType = sourcecode.c.objc; path = drinkyTests.m; sourceTree = "<group>"; };
		A2E986EA0EF147AEB7FF2C44 /* libPods.a */ = {isa = PBXFileReference; explicitFileType = archive.ar; includeInIndex = 0; path = libPods.a; sourceTree = BUILT_PRODUCTS_DIR; };
		F9DC47661CB14E5EBD3CCD68 /* Pods.xcconfig */ = {isa = PBXFileReference; includeInIndex = 1; lastKnownFileType = text.xcconfig; name = Pods.xcconfig; path = Pods/Pods.xcconfig; sourceTree = "<group>"; };
/* End PBXFileReference section */

/* Begin PBXFrameworksBuildPhase section */
		07F6635F18B82B2B00D22919 /* Frameworks */ = {
			isa = PBXFrameworksBuildPhase;
			buildActionMask = 2147483647;
			files = (
				07B6A77718B92CBC00C28B47 /* SystemConfiguration.framework in Frameworks */,
				07B6A77518B92CB300C28B47 /* StoreKit.framework in Frameworks */,
				07B6A77318B92CA900C28B47 /* QuartzCore.framework in Frameworks */,
				07B6A77118B92C9D00C28B47 /* OpenGLES.framework in Frameworks */,
				07B6A76F18B92C9200C28B47 /* MessageUI.framework in Frameworks */,
				07B6A76D18B92C8600C28B47 /* libz.1.2.5.dylib in Frameworks */,
				07B6A76B18B92C7A00C28B47 /* libsqlite3.0.dylib in Frameworks */,
				07B6A76918B92C6F00C28B47 /* CoreText.framework in Frameworks */,
				07B6A76718B92C6400C28B47 /* CoreData.framework in Frameworks */,
				07B6A76518B92C5900C28B47 /* Accelerate.framework in Frameworks */,
				07F6636818B82B2B00D22919 /* CoreGraphics.framework in Frameworks */,
				07F6636A18B82B2B00D22919 /* UIKit.framework in Frameworks */,
				07B6A76218B928E400C28B47 /* libAviarySDK.a in Frameworks */,
				07F6636618B82B2B00D22919 /* Foundation.framework in Frameworks */,
				61CDFB88835F4C38AB0A43EB /* libPods.a in Frameworks */,
			);
			runOnlyForDeploymentPostprocessing = 0;
		};
		07F6638318B82B2B00D22919 /* Frameworks */ = {
			isa = PBXFrameworksBuildPhase;
			buildActionMask = 2147483647;
			files = (
				07F6638818B82B2B00D22919 /* XCTest.framework in Frameworks */,
				07F6638A18B82B2C00D22919 /* UIKit.framework in Frameworks */,
				07F6638918B82B2C00D22919 /* Foundation.framework in Frameworks */,
			);
			runOnlyForDeploymentPostprocessing = 0;
		};
/* End PBXFrameworksBuildPhase section */

/* Begin PBXGroup section */
		071ADB0718B868CD00E2E4FF /* CustomCamera */ = {
			isa = PBXGroup;
			children = (
				071ADB0818B8694B00E2E4FF /* CustomCamera.h */,
				071ADB0918B8694B00E2E4FF /* CustomCamera.m */,
			);
			name = CustomCamera;
			sourceTree = "<group>";
		};
		071ADB0F18B8879600E2E4FF /* DrunkDetector */ = {
			isa = PBXGroup;
			children = (
				071ADB1018B887BB00E2E4FF /* DrunkDetector.h */,
				071ADB1118B887BB00E2E4FF /* DrunkDetector.m */,
			);
			name = DrunkDetector;
			sourceTree = "<group>";
		};
		07B6A74C18B91DCF00C28B47 /* Intro */ = {
			isa = PBXGroup;
			children = (
				07B6A74D18B91DF100C28B47 /* bg1@2x.png */,
				07B6A74E18B91DF100C28B47 /* bg2@2x.png */,
				07B6A74F18B91DF100C28B47 /* bg3@2x.png */,
				07B6A75018B91DF100C28B47 /* bg4@2x.png */,
			);
			name = Intro;
			sourceTree = "<group>";
		};
		07B6A75518B928E400C28B47 /* AviarySDK */ = {
			isa = PBXGroup;
			children = (
				07B6A75618B928E400C28B47 /* Headers */,
				07B6A75F18B928E400C28B47 /* libAviarySDK.a */,
				07B6A76018B928E400C28B47 /* Resources */,
			);
			path = AviarySDK;
			sourceTree = "<group>";
		};
		07B6A75618B928E400C28B47 /* Headers */ = {
			isa = PBXGroup;
			children = (
				07B6A75718B928E400C28B47 /* AFOpenGLManager.h */,
				07B6A75818B928E400C28B47 /* AFPhotoEditorContext.h */,
				07B6A75918B928E400C28B47 /* AFPhotoEditorController+InAppPurchase.h */,
				07B6A75A18B928E400C28B47 /* AFPhotoEditorController.h */,
				07B6A75B18B928E400C28B47 /* AFPhotoEditorControllerOptions.h */,
				07B6A75C18B928E400C28B47 /* AFPhotoEditorCustomization.h */,
				07B6A75D18B928E400C28B47 /* AFPhotoEditorProduct.h */,
				07B6A75E18B928E400C28B47 /* AFPhotoEditorSession.h */,
			);
			path = Headers;
			sourceTree = "<group>";
		};
		07B6A76018B928E400C28B47 /* Resources */ = {
			isa = PBXGroup;
			children = (
				07B6A76118B928E400C28B47 /* AviarySDKResources.bundle */,
			);
			path = Resources;
			sourceTree = "<group>";
		};
		07B6A77818B98B9300C28B47 /* Activity */ = {
			isa = PBXGroup;
			children = (
				07B6A81118B98DAC00C28B47 /* DMActivityInstagram */,
				07B6A7D418B98C3000C28B47 /* ZYInstapaperActivity */,
				07B6A7A818B98B9300C28B47 /* LINEActivity */,
			);
			path = Activity;
			sourceTree = "<group>";
		};
		07B6A7A818B98B9300C28B47 /* LINEActivity */ = {
			isa = PBXGroup;
			children = (
				07B6A7A918B98B9300C28B47 /* LINEActivity.h */,
				07B6A7AA18B98B9300C28B47 /* LINEActivity.m */,
				07B6A7AB18B98B9300C28B47 /* LINEActivityIcon.png */,
				07B6A7AC18B98B9300C28B47 /* LINEActivityIcon@2x.png */,
				07B6A7AD18B98B9300C28B47 /* LINEActivityIcon@2x~ipad.png */,
				07B6A7AE18B98B9300C28B47 /* LINEActivityIcon~ipad.png */,
			);
			path = LINEActivity;
			sourceTree = "<group>";
		};
		07B6A7D418B98C3000C28B47 /* ZYInstapaperActivity */ = {
			isa = PBXGroup;
			children = (
				07B6A7D518B98C3000C28B47 /* Images */,
				07B6A7DA18B98C3000C28B47 /* Requests */,
				07B6A7DE18B98C3000C28B47 /* Security */,
				07B6A7E118B98C3000C28B47 /* ThirdParties */,
				07B6A7ED18B98C3000C28B47 /* UserInterface */,
				07B6A7FA18B98C3000C28B47 /* ZYInstapaperActivity.h */,
				07B6A7FB18B98C3000C28B47 /* ZYInstapaperActivity.m */,
				07B6A7FC18B98C3000C28B47 /* ZYInstapaperActivityItem.h */,
				07B6A7FD18B98C3000C28B47 /* ZYInstapaperActivityItem.m */,
			);
			path = ZYInstapaperActivity;
			sourceTree = "<group>";
		};
		07B6A7D518B98C3000C28B47 /* Images */ = {
			isa = PBXGroup;
			children = (
				07B6A7D618B98C3000C28B47 /* instapaper-ipad.png */,
				07B6A7D718B98C3000C28B47 /* instapaper-ipad@2x.png */,
				07B6A7D818B98C3000C28B47 /* instapaper.png */,
				07B6A7D918B98C3000C28B47 /* instapaper@2x.png */,
			);
			path = Images;
			sourceTree = "<group>";
		};
		07B6A7DA18B98C3000C28B47 /* Requests */ = {
			isa = PBXGroup;
			children = (
				07B6A7DB18B98C3000C28B47 /* ZYInstapaperAddRequest.h */,
				07B6A7DC18B98C3000C28B47 /* ZYInstapaperAddRequest.m */,
				07B6A7DD18B98C3000C28B47 /* ZYInstapaperAddRequestDelegate.h */,
			);
			path = Requests;
			sourceTree = "<group>";
		};
		07B6A7DE18B98C3000C28B47 /* Security */ = {
			isa = PBXGroup;
			children = (
				07B6A7DF18B98C3000C28B47 /* ZYInstapaperActivitySecurity.h */,
				07B6A7E018B98C3000C28B47 /* ZYInstapaperActivitySecurity.m */,
			);
			path = Security;
			sourceTree = "<group>";
		};
		07B6A7E118B98C3000C28B47 /* ThirdParties */ = {
			isa = PBXGroup;
			children = (
				07B6A7E218B98C3000C28B47 /* Apple */,
				07B6A7E618B98C3000C28B47 /* Zerously */,
			);
			path = ThirdParties;
			sourceTree = "<group>";
		};
		07B6A7E218B98C3000C28B47 /* Apple */ = {
			isa = PBXGroup;
			children = (
				07B6A7E318B98C3000C28B47 /* KeychainItemWrapper */,
			);
			path = Apple;
			sourceTree = "<group>";
		};
		07B6A7E318B98C3000C28B47 /* KeychainItemWrapper */ = {
			isa = PBXGroup;
			children = (
				07B6A7E418B98C3000C28B47 /* KeychainItemWrapper.h */,
				07B6A7E518B98C3000C28B47 /* KeychainItemWrapper.m */,
			);
			path = KeychainItemWrapper;
			sourceTree = "<group>";
		};
		07B6A7E618B98C3000C28B47 /* Zerously */ = {
			isa = PBXGroup;
			children = (
				07B6A7E718B98C3000C28B47 /* ZYActivity */,
				07B6A7EA18B98C3000C28B47 /* ZYTopAlignedLabel */,
			);
			path = Zerously;
			sourceTree = "<group>";
		};
		07B6A7E718B98C3000C28B47 /* ZYActivity */ = {
			isa = PBXGroup;
			children = (
				07B6A7E818B98C3000C28B47 /* ZYActivity.h */,
				07B6A7E918B98C3000C28B47 /* ZYActivity.m */,
			);
			path = ZYActivity;
			sourceTree = "<group>";
		};
		07B6A7EA18B98C3000C28B47 /* ZYTopAlignedLabel */ = {
			isa = PBXGroup;
			children = (
				07B6A7EB18B98C3000C28B47 /* ZYTopAlignedLabel.h */,
				07B6A7EC18B98C3000C28B47 /* ZYTopAlignedLabel.m */,
			);
			path = ZYTopAlignedLabel;
			sourceTree = "<group>";
		};
		07B6A7ED18B98C3000C28B47 /* UserInterface */ = {
			isa = PBXGroup;
			children = (
				07B6A7EE18B98C3000C28B47 /* ZYActivityViewController.h */,
				07B6A7EF18B98C3000C28B47 /* ZYActivityViewController.m */,
				07B6A7F018B98C3000C28B47 /* ZYAddItemsViewController.h */,
				07B6A7F118B98C3000C28B47 /* ZYAddItemsViewController.m */,
				07B6A7F218B98C3000C28B47 /* ZYAddItemsViewController.xib */,
				07B6A7F318B98C3000C28B47 /* ZYAddItemViewController-iPad.xib */,
				07B6A7F418B98C3000C28B47 /* ZYAddItemViewController.h */,
				07B6A7F518B98C3000C28B47 /* ZYAddItemViewController.m */,
				07B6A7F618B98C3000C28B47 /* ZYAddItemViewController.xib */,
				07B6A7F718B98C3000C28B47 /* ZYCredentialsViewController.h */,
				07B6A7F818B98C3000C28B47 /* ZYCredentialsViewController.m */,
				07B6A7F918B98C3000C28B47 /* ZYCredentialsViewController.xib */,
			);
			path = UserInterface;
			sourceTree = "<group>";
		};
		07B6A81118B98DAC00C28B47 /* DMActivityInstagram */ = {
			isa = PBXGroup;
			children = (
				07B6A81518B98DAC00C28B47 /* DMActivityInstagram-Info.plist */,
				07B6A81618B98DAC00C28B47 /* DMActivityInstagram-Prefix.pch */,
				07B6A81718B98DAC00C28B47 /* DMActivityInstagram.h */,
				07B6A81818B98DAC00C28B47 /* DMActivityInstagram.m */,
				07B6A81D18B98DAC00C28B47 /* DMColorPickerView.h */,
				07B6A81E18B98DAC00C28B47 /* DMColorPickerView.m */,
				07B6A81F18B98DAC00C28B47 /* DMResizerViewController.h */,
				07B6A82018B98DAC00C28B47 /* DMResizerViewController.m */,
				07B6A82818B98DAC00C28B47 /* example.png */,
				07B6A82918B98DAC00C28B47 /* example_square.png */,
				07B6A82A18B98DAC00C28B47 /* instagram.png */,
				07B6A82B18B98DAC00C28B47 /* instagram@2x.png */,
				07B6A82C18B98DAC00C28B47 /* instagram~ipad.png */,
				07B6A82D18B98DAC00C28B47 /* instagram~ipad@2x.png */,
			);
			path = DMActivityInstagram;
			sourceTree = "<group>";
		};
		07F6635918B82B2B00D22919 = {
			isa = PBXGroup;
			children = (
				07B6A77818B98B9300C28B47 /* Activity */,
				07B6A75518B928E400C28B47 /* AviarySDK */,
				07F6636B18B82B2B00D22919 /* drinky */,
				07F6638D18B82B2C00D22919 /* drinkyTests */,
				07F6636418B82B2B00D22919 /* Frameworks */,
				07F6636318B82B2B00D22919 /* Products */,
				F9DC47661CB14E5EBD3CCD68 /* Pods.xcconfig */,
			);
			sourceTree = "<group>";
		};
		07F6636318B82B2B00D22919 /* Products */ = {
			isa = PBXGroup;
			children = (
				07F6636218B82B2B00D22919 /* drinky.app */,
				07F6638618B82B2B00D22919 /* drinkyTests.xctest */,
			);
			name = Products;
			sourceTree = "<group>";
		};
		07F6636418B82B2B00D22919 /* Frameworks */ = {
			isa = PBXGroup;
			children = (
				07B6A77618B92CBC00C28B47 /* SystemConfiguration.framework */,
				07B6A77418B92CB300C28B47 /* StoreKit.framework */,
				07B6A77218B92CA900C28B47 /* QuartzCore.framework */,
				07B6A77018B92C9D00C28B47 /* OpenGLES.framework */,
				07B6A76E18B92C9200C28B47 /* MessageUI.framework */,
				07B6A76C18B92C8500C28B47 /* libz.1.2.5.dylib */,
				07B6A76A18B92C7A00C28B47 /* libsqlite3.0.dylib */,
				07B6A76818B92C6F00C28B47 /* CoreText.framework */,
				07B6A76618B92C6400C28B47 /* CoreData.framework */,
				07B6A76418B92C5900C28B47 /* Accelerate.framework */,
				07F6636518B82B2B00D22919 /* Foundation.framework */,
				07F6636718B82B2B00D22919 /* CoreGraphics.framework */,
				07F6636918B82B2B00D22919 /* UIKit.framework */,
				07F6638718B82B2B00D22919 /* XCTest.framework */,
				A2E986EA0EF147AEB7FF2C44 /* libPods.a */,
			);
			name = Frameworks;
			sourceTree = "<group>";
		};
		07F6636B18B82B2B00D22919 /* drinky */ = {
			isa = PBXGroup;
			children = (
				071ADB0F18B8879600E2E4FF /* DrunkDetector */,
				071ADB0718B868CD00E2E4FF /* CustomCamera */,
				07F6637418B82B2B00D22919 /* AppDelegate.h */,
				07F6637518B82B2B00D22919 /* AppDelegate.m */,
				07F6637718B82B2B00D22919 /* Main_iPhone.storyboard */,
				07F6637A18B82B2B00D22919 /* Main_iPad.storyboard */,
				07F6637D18B82B2B00D22919 /* ViewController.h */,
				07F6637E18B82B2B00D22919 /* ViewController.m */,
				07F6638018B82B2B00D22919 /* Images.xcassets */,
				07F6636C18B82B2B00D22919 /* Supporting Files */,
			);
			path = drinky;
			sourceTree = "<group>";
		};
		07F6636C18B82B2B00D22919 /* Supporting Files */ = {
			isa = PBXGroup;
			children = (
				07B6A74C18B91DCF00C28B47 /* Intro */,
				07F6636D18B82B2B00D22919 /* drinky-Info.plist */,
				07F6636E18B82B2B00D22919 /* InfoPlist.strings */,
				07F6637118B82B2B00D22919 /* main.m */,
				07F6637318B82B2B00D22919 /* drinky-Prefix.pch */,
			);
			name = "Supporting Files";
			sourceTree = "<group>";
		};
		07F6638D18B82B2C00D22919 /* drinkyTests */ = {
			isa = PBXGroup;
			children = (
				07F6639318B82B2C00D22919 /* drinkyTests.m */,
				07F6638E18B82B2C00D22919 /* Supporting Files */,
			);
			path = drinkyTests;
			sourceTree = "<group>";
		};
		07F6638E18B82B2C00D22919 /* Supporting Files */ = {
			isa = PBXGroup;
			children = (
				07F6638F18B82B2C00D22919 /* drinkyTests-Info.plist */,
				07F6639018B82B2C00D22919 /* InfoPlist.strings */,
			);
			name = "Supporting Files";
			sourceTree = "<group>";
		};
/* End PBXGroup section */

/* Begin PBXNativeTarget section */
		07F6636118B82B2B00D22919 /* drinky */ = {
			isa = PBXNativeTarget;
			buildConfigurationList = 07F6639718B82B2C00D22919 /* Build configuration list for PBXNativeTarget "drinky" */;
			buildPhases = (
				8960BF03886C485893987E93 /* Check Pods Manifest.lock */,
				07F6635E18B82B2B00D22919 /* Sources */,
				07F6635F18B82B2B00D22919 /* Frameworks */,
				07F6636018B82B2B00D22919 /* Resources */,
				F0D5ECF931D144889464A61C /* Copy Pods Resources */,
			);
			buildRules = (
			);
			dependencies = (
			);
			name = drinky;
			productName = drinky;
			productReference = 07F6636218B82B2B00D22919 /* drinky.app */;
			productType = "com.apple.product-type.application";
		};
		07F6638518B82B2B00D22919 /* drinkyTests */ = {
			isa = PBXNativeTarget;
			buildConfigurationList = 07F6639A18B82B2C00D22919 /* Build configuration list for PBXNativeTarget "drinkyTests" */;
			buildPhases = (
				07F6638218B82B2B00D22919 /* Sources */,
				07F6638318B82B2B00D22919 /* Frameworks */,
				07F6638418B82B2B00D22919 /* Resources */,
			);
			buildRules = (
			);
			dependencies = (
				07F6638C18B82B2C00D22919 /* PBXTargetDependency */,
			);
			name = drinkyTests;
			productName = drinkyTests;
			productReference = 07F6638618B82B2B00D22919 /* drinkyTests.xctest */;
			productType = "com.apple.product-type.bundle.unit-test";
		};
/* End PBXNativeTarget section */

/* Begin PBXProject section */
		07F6635A18B82B2B00D22919 /* Project object */ = {
			isa = PBXProject;
			attributes = {
				LastUpgradeCheck = 0500;
				ORGANIZATIONNAME = kodam;
				TargetAttributes = {
					07F6638518B82B2B00D22919 = {
						TestTargetID = 07F6636118B82B2B00D22919;
					};
				};
			};
			buildConfigurationList = 07F6635D18B82B2B00D22919 /* Build configuration list for PBXProject "drinky" */;
			compatibilityVersion = "Xcode 3.2";
			developmentRegion = English;
			hasScannedForEncodings = 0;
			knownRegions = (
				en,
				Base,
			);
			mainGroup = 07F6635918B82B2B00D22919;
			productRefGroup = 07F6636318B82B2B00D22919 /* Products */;
			projectDirPath = "";
			projectRoot = "";
			targets = (
				07F6636118B82B2B00D22919 /* drinky */,
				07F6638518B82B2B00D22919 /* drinkyTests */,
			);
		};
/* End PBXProject section */

/* Begin PBXResourcesBuildPhase section */
		07F6636018B82B2B00D22919 /* Resources */ = {
			isa = PBXResourcesBuildPhase;
			buildActionMask = 2147483647;
			files = (
				07B6A83F18B98DAC00C28B47 /* instagram@2x.png in Resources */,
				07F6637C18B82B2B00D22919 /* Main_iPad.storyboard in Resources */,
				07F6638118B82B2B00D22919 /* Images.xcassets in Resources */,
				07B6A7D118B98B9300C28B47 /* LINEActivityIcon@2x.png in Resources */,
				07B6A80118B98C3000C28B47 /* instapaper@2x.png in Resources */,
				07B6A7D018B98B9300C28B47 /* LINEActivityIcon.png in Resources */,
				07B6A83218B98DAC00C28B47 /* DMActivityInstagram-Info.plist in Resources */,
				07B6A75318B91DF100C28B47 /* bg3@2x.png in Resources */,
				07F6637918B82B2B00D22919 /* Main_iPhone.storyboard in Resources */,
				07B6A75418B91DF100C28B47 /* bg4@2x.png in Resources */,
				07B6A76318B928E400C28B47 /* AviarySDKResources.bundle in Resources */,
				07B6A83D18B98DAC00C28B47 /* example_square.png in Resources */,
				07F6637018B82B2B00D22919 /* InfoPlist.strings in Resources */,
				07B6A83C18B98DAC00C28B47 /* example.png in Resources */,
				07B6A84018B98DAC00C28B47 /* instagram~ipad.png in Resources */,
				07B6A75218B91DF100C28B47 /* bg2@2x.png in Resources */,
				07B6A80018B98C3000C28B47 /* instapaper.png in Resources */,
				07B6A80918B98C3000C28B47 /* ZYAddItemsViewController.xib in Resources */,
				07B6A80E18B98C3000C28B47 /* ZYCredentialsViewController.xib in Resources */,
				07B6A7D218B98B9300C28B47 /* LINEActivityIcon@2x~ipad.png in Resources */,
				07B6A7FE18B98C3000C28B47 /* instapaper-ipad.png in Resources */,
				07B6A84118B98DAC00C28B47 /* instagram~ipad@2x.png in Resources */,
				07B6A7D318B98B9300C28B47 /* LINEActivityIcon~ipad.png in Resources */,
				07B6A80A18B98C3000C28B47 /* ZYAddItemViewController-iPad.xib in Resources */,
				07B6A75118B91DF100C28B47 /* bg1@2x.png in Resources */,
				07B6A7FF18B98C3000C28B47 /* instapaper-ipad@2x.png in Resources */,
				07B6A80C18B98C3000C28B47 /* ZYAddItemViewController.xib in Resources */,
				07B6A83E18B98DAC00C28B47 /* instagram.png in Resources */,
			);
			runOnlyForDeploymentPostprocessing = 0;
		};
		07F6638418B82B2B00D22919 /* Resources */ = {
			isa = PBXResourcesBuildPhase;
			buildActionMask = 2147483647;
			files = (
				07F6639218B82B2C00D22919 /* InfoPlist.strings in Resources */,
			);
			runOnlyForDeploymentPostprocessing = 0;
		};
/* End PBXResourcesBuildPhase section */

/* Begin PBXShellScriptBuildPhase section */
		8960BF03886C485893987E93 /* Check Pods Manifest.lock */ = {
			isa = PBXShellScriptBuildPhase;
			buildActionMask = 2147483647;
			files = (
			);
			inputPaths = (
			);
			name = "Check Pods Manifest.lock";
			outputPaths = (
			);
			runOnlyForDeploymentPostprocessing = 0;
			shellPath = /bin/sh;
			shellScript = "diff \"${PODS_ROOT}/../Podfile.lock\" \"${PODS_ROOT}/Manifest.lock\" > /dev/null\nif [[ $? != 0 ]] ; then\n    cat << EOM\nerror: The sandbox is not in sync with the Podfile.lock. Run 'pod install' or update your CocoaPods installation.\nEOM\n    exit 1\nfi\n";
			showEnvVarsInLog = 0;
		};
		F0D5ECF931D144889464A61C /* Copy Pods Resources */ = {
			isa = PBXShellScriptBuildPhase;
			buildActionMask = 2147483647;
			files = (
			);
			inputPaths = (
			);
			name = "Copy Pods Resources";
			outputPaths = (
			);
			runOnlyForDeploymentPostprocessing = 0;
			shellPath = /bin/sh;
			shellScript = "\"${SRCROOT}/Pods/Pods-resources.sh\"\n";
			showEnvVarsInLog = 0;
		};
/* End PBXShellScriptBuildPhase section */

/* Begin PBXSourcesBuildPhase section */
		07F6635E18B82B2B00D22919 /* Sources */ = {
			isa = PBXSourcesBuildPhase;
			buildActionMask = 2147483647;
			files = (
				07B6A81018B98C3000C28B47 /* ZYInstapaperActivityItem.m in Sources */,
				07B6A83318B98DAC00C28B47 /* DMActivityInstagram.m in Sources */,
				07B6A80418B98C3000C28B47 /* KeychainItemWrapper.m in Sources */,
				07B6A80718B98C3000C28B47 /* ZYActivityViewController.m in Sources */,
				071ADB1218B887BB00E2E4FF /* DrunkDetector.m in Sources */,
				07B6A80318B98C3000C28B47 /* ZYInstapaperActivitySecurity.m in Sources */,
				07B6A80618B98C3000C28B47 /* ZYTopAlignedLabel.m in Sources */,
				07F6637F18B82B2B00D22919 /* ViewController.m in Sources */,
				071ADB0A18B8694B00E2E4FF /* CustomCamera.m in Sources */,
				07B6A83718B98DAC00C28B47 /* DMResizerViewController.m in Sources */,
				07F6637618B82B2B00D22919 /* AppDelegate.m in Sources */,
				07B6A80F18B98C3000C28B47 /* ZYInstapaperActivity.m in Sources */,
				07B6A80818B98C3000C28B47 /* ZYAddItemsViewController.m in Sources */,
				07F6637218B82B2B00D22919 /* main.m in Sources */,
				07B6A80218B98C3000C28B47 /* ZYInstapaperAddRequest.m in Sources */,
				07B6A7CF18B98B9300C28B47 /* LINEActivity.m in Sources */,
				07B6A80B18B98C3000C28B47 /* ZYAddItemViewController.m in Sources */,
				07B6A80D18B98C3000C28B47 /* ZYCredentialsViewController.m in Sources */,
				07B6A80518B98C3000C28B47 /* ZYActivity.m in Sources */,
				07B6A83618B98DAC00C28B47 /* DMColorPickerView.m in Sources */,
			);
			runOnlyForDeploymentPostprocessing = 0;
		};
		07F6638218B82B2B00D22919 /* Sources */ = {
			isa = PBXSourcesBuildPhase;
			buildActionMask = 2147483647;
			files = (
				07F6639418B82B2C00D22919 /* drinkyTests.m in Sources */,
			);
			runOnlyForDeploymentPostprocessing = 0;
		};
/* End PBXSourcesBuildPhase section */

/* Begin PBXTargetDependency section */
		07F6638C18B82B2C00D22919 /* PBXTargetDependency */ = {
			isa = PBXTargetDependency;
			target = 07F6636118B82B2B00D22919 /* drinky */;
			targetProxy = 07F6638B18B82B2C00D22919 /* PBXContainerItemProxy */;
		};
/* End PBXTargetDependency section */

/* Begin PBXVariantGroup section */
		07F6636E18B82B2B00D22919 /* InfoPlist.strings */ = {
			isa = PBXVariantGroup;
			children = (
				07F6636F18B82B2B00D22919 /* en */,
			);
			name = InfoPlist.strings;
			sourceTree = "<group>";
		};
		07F6637718B82B2B00D22919 /* Main_iPhone.storyboard */ = {
			isa = PBXVariantGroup;
			children = (
				07F6637818B82B2B00D22919 /* Base */,
			);
			name = Main_iPhone.storyboard;
			sourceTree = "<group>";
		};
		07F6637A18B82B2B00D22919 /* Main_iPad.storyboard */ = {
			isa = PBXVariantGroup;
			children = (
				07F6637B18B82B2B00D22919 /* Base */,
			);
			name = Main_iPad.storyboard;
			sourceTree = "<group>";
		};
		07F6639018B82B2C00D22919 /* InfoPlist.strings */ = {
			isa = PBXVariantGroup;
			children = (
				07F6639118B82B2C00D22919 /* en */,
			);
			name = InfoPlist.strings;
			sourceTree = "<group>";
		};
/* End PBXVariantGroup section */

/* Begin XCBuildConfiguration section */
		07F6639518B82B2C00D22919 /* Debug */ = {
			isa = XCBuildConfiguration;
			buildSettings = {
				ALWAYS_SEARCH_USER_PATHS = NO;
				ARCHS = "$(ARCHS_STANDARD_INCLUDING_64_BIT)";
				CLANG_CXX_LANGUAGE_STANDARD = "gnu++0x";
				CLANG_CXX_LIBRARY = "libc++";
				CLANG_ENABLE_MODULES = YES;
				CLANG_ENABLE_OBJC_ARC = YES;
				CLANG_WARN_BOOL_CONVERSION = YES;
				CLANG_WARN_CONSTANT_CONVERSION = YES;
				CLANG_WARN_DIRECT_OBJC_ISA_USAGE = YES_ERROR;
				CLANG_WARN_EMPTY_BODY = YES;
				CLANG_WARN_ENUM_CONVERSION = YES;
				CLANG_WARN_INT_CONVERSION = YES;
				CLANG_WARN_OBJC_ROOT_CLASS = YES_ERROR;
				CLANG_WARN__DUPLICATE_METHOD_MATCH = YES;
				"CODE_SIGN_IDENTITY[sdk=iphoneos*]" = "iPhone Developer";
				COPY_PHASE_STRIP = NO;
				GCC_C_LANGUAGE_STANDARD = gnu99;
				GCC_DYNAMIC_NO_PIC = NO;
				GCC_OPTIMIZATION_LEVEL = 0;
				GCC_PREPROCESSOR_DEFINITIONS = (
					"DEBUG=1",
					"$(inherited)",
				);
				GCC_SYMBOLS_PRIVATE_EXTERN = NO;
				GCC_WARN_64_TO_32_BIT_CONVERSION = YES;
				GCC_WARN_ABOUT_RETURN_TYPE = YES_ERROR;
				GCC_WARN_UNDECLARED_SELECTOR = YES;
				GCC_WARN_UNINITIALIZED_AUTOS = YES;
				GCC_WARN_UNUSED_FUNCTION = YES;
				GCC_WARN_UNUSED_VARIABLE = YES;
				IPHONEOS_DEPLOYMENT_TARGET = 7.0;
				ONLY_ACTIVE_ARCH = YES;
				SDKROOT = iphoneos;
				TARGETED_DEVICE_FAMILY = "1,2";
			};
			name = Debug;
		};
		07F6639618B82B2C00D22919 /* Release */ = {
			isa = XCBuildConfiguration;
			buildSettings = {
				ALWAYS_SEARCH_USER_PATHS = NO;
				ARCHS = "$(ARCHS_STANDARD_INCLUDING_64_BIT)";
				CLANG_CXX_LANGUAGE_STANDARD = "gnu++0x";
				CLANG_CXX_LIBRARY = "libc++";
				CLANG_ENABLE_MODULES = YES;
				CLANG_ENABLE_OBJC_ARC = YES;
				CLANG_WARN_BOOL_CONVERSION = YES;
				CLANG_WARN_CONSTANT_CONVERSION = YES;
				CLANG_WARN_DIRECT_OBJC_ISA_USAGE = YES_ERROR;
				CLANG_WARN_EMPTY_BODY = YES;
				CLANG_WARN_ENUM_CONVERSION = YES;
				CLANG_WARN_INT_CONVERSION = YES;
				CLANG_WARN_OBJC_ROOT_CLASS = YES_ERROR;
				CLANG_WARN__DUPLICATE_METHOD_MATCH = YES;
				"CODE_SIGN_IDENTITY[sdk=iphoneos*]" = "iPhone Developer";
				COPY_PHASE_STRIP = YES;
				ENABLE_NS_ASSERTIONS = NO;
				GCC_C_LANGUAGE_STANDARD = gnu99;
				GCC_WARN_64_TO_32_BIT_CONVERSION = YES;
				GCC_WARN_ABOUT_RETURN_TYPE = YES_ERROR;
				GCC_WARN_UNDECLARED_SELECTOR = YES;
				GCC_WARN_UNINITIALIZED_AUTOS = YES;
				GCC_WARN_UNUSED_FUNCTION = YES;
				GCC_WARN_UNUSED_VARIABLE = YES;
				IPHONEOS_DEPLOYMENT_TARGET = 7.0;
				SDKROOT = iphoneos;
				TARGETED_DEVICE_FAMILY = "1,2";
				VALIDATE_PRODUCT = YES;
			};
			name = Release;
		};
		07F6639818B82B2C00D22919 /* Debug */ = {
			isa = XCBuildConfiguration;
			baseConfigurationReference = F9DC47661CB14E5EBD3CCD68 /* Pods.xcconfig */;
			buildSettings = {
				ARCHS = "$(ARCHS_STANDARD_INCLUDING_64_BIT)";
				ASSETCATALOG_COMPILER_APPICON_NAME = AppIcon;
				ASSETCATALOG_COMPILER_LAUNCHIMAGE_NAME = LaunchImage;
				GCC_PRECOMPILE_PREFIX_HEADER = YES;
				GCC_PREFIX_HEADER = "drinky/drinky-Prefix.pch";
				INFOPLIST_FILE = "drinky/drinky-Info.plist";
				LIBRARY_SEARCH_PATHS = (
					"$(inherited)",
					"$(PROJECT_DIR)/AviarySDK",
				);
				PRODUCT_NAME = "$(TARGET_NAME)";
				WRAPPER_EXTENSION = app;
			};
			name = Debug;
		};
		07F6639918B82B2C00D22919 /* Release */ = {
			isa = XCBuildConfiguration;
			baseConfigurationReference = F9DC47661CB14E5EBD3CCD68 /* Pods.xcconfig */;
			buildSettings = {
				ARCHS = "$(ARCHS_STANDARD_INCLUDING_64_BIT)";
				ASSETCATALOG_COMPILER_APPICON_NAME = AppIcon;
				ASSETCATALOG_COMPILER_LAUNCHIMAGE_NAME = LaunchImage;
				GCC_PRECOMPILE_PREFIX_HEADER = YES;
				GCC_PREFIX_HEADER = "drinky/drinky-Prefix.pch";
				INFOPLIST_FILE = "drinky/drinky-Info.plist";
				LIBRARY_SEARCH_PATHS = (
					"$(inherited)",
					"$(PROJECT_DIR)/AviarySDK",
				);
				PRODUCT_NAME = "$(TARGET_NAME)";
				WRAPPER_EXTENSION = app;
			};
			name = Release;
		};
		07F6639B18B82B2C00D22919 /* Debug */ = {
			isa = XCBuildConfiguration;
			buildSettings = {
				ARCHS = "$(ARCHS_STANDARD_INCLUDING_64_BIT)";
				BUNDLE_LOADER = "$(BUILT_PRODUCTS_DIR)/drinky.app/drinky";
				FRAMEWORK_SEARCH_PATHS = (
					"$(SDKROOT)/Developer/Library/Frameworks",
					"$(inherited)",
					"$(DEVELOPER_FRAMEWORKS_DIR)",
				);
				GCC_PRECOMPILE_PREFIX_HEADER = YES;
				GCC_PREFIX_HEADER = "drinky/drinky-Prefix.pch";
				GCC_PREPROCESSOR_DEFINITIONS = (
					"DEBUG=1",
					"$(inherited)",
				);
				INFOPLIST_FILE = "drinkyTests/drinkyTests-Info.plist";
				PRODUCT_NAME = "$(TARGET_NAME)";
				TEST_HOST = "$(BUNDLE_LOADER)";
				WRAPPER_EXTENSION = xctest;
			};
			name = Debug;
		};
		07F6639C18B82B2C00D22919 /* Release */ = {
			isa = XCBuildConfiguration;
			buildSettings = {
				ARCHS = "$(ARCHS_STANDARD_INCLUDING_64_BIT)";
				BUNDLE_LOADER = "$(BUILT_PRODUCTS_DIR)/drinky.app/drinky";
				FRAMEWORK_SEARCH_PATHS = (
					"$(SDKROOT)/Developer/Library/Frameworks",
					"$(inherited)",
					"$(DEVELOPER_FRAMEWORKS_DIR)",
				);
				GCC_PRECOMPILE_PREFIX_HEADER = YES;
				GCC_PREFIX_HEADER = "drinky/drinky-Prefix.pch";
				INFOPLIST_FILE = "drinkyTests/drinkyTests-Info.plist";
				PRODUCT_NAME = "$(TARGET_NAME)";
				TEST_HOST = "$(BUNDLE_LOADER)";
				WRAPPER_EXTENSION = xctest;
			};
			name = Release;
		};
/* End XCBuildConfiguration section */

/* Begin XCConfigurationList section */
		07F6635D18B82B2B00D22919 /* Build configuration list for PBXProject "drinky" */ = {
			isa = XCConfigurationList;
			buildConfigurations = (
				07F6639518B82B2C00D22919 /* Debug */,
				07F6639618B82B2C00D22919 /* Release */,
			);
			defaultConfigurationIsVisible = 0;
			defaultConfigurationName = Release;
		};
		07F6639718B82B2C00D22919 /* Build configuration list for PBXNativeTarget "drinky" */ = {
			isa = XCConfigurationList;
			buildConfigurations = (
				07F6639818B82B2C00D22919 /* Debug */,
				07F6639918B82B2C00D22919 /* Release */,
			);
			defaultConfigurationIsVisible = 0;
			defaultConfigurationName = Release;
		};
		07F6639A18B82B2C00D22919 /* Build configuration list for PBXNativeTarget "drinkyTests" */ = {
			isa = XCConfigurationList;
			buildConfigurations = (
				07F6639B18B82B2C00D22919 /* Debug */,
				07F6639C18B82B2C00D22919 /* Release */,
			);
			defaultConfigurationIsVisible = 0;
			defaultConfigurationName = Release;
		};
/* End XCConfigurationList section */
	};
	rootObject = 07F6635A18B82B2B00D22919 /* Project object */;
}
